{
    "_readme": [
        "This file locks the dependencies of your project to a known state",
        "Read more about it at https://getcomposer.org/doc/01-basic-usage.md#installing-dependencies",
        "This file is @generated automatically"
    ],
    "content-hash": "c2cd5ede2c43463e84e88cc48a07472d",
    "packages": [],
    "packages-dev": [
        {
            "name": "ergebnis/composer-normalize",
            "version": "2.9.0",
            "source": {
                "type": "git",
                "url": "https://github.com/ergebnis/composer-normalize.git",
                "reference": "4b77c0ee53cde3d868b359b7ecadfb9797df955c"
            },
            "dist": {
                "type": "zip",
                "url": "https://api.github.com/repos/ergebnis/composer-normalize/zipball/4b77c0ee53cde3d868b359b7ecadfb9797df955c",
                "reference": "4b77c0ee53cde3d868b359b7ecadfb9797df955c",
                "shasum": ""
            },
            "require": {
                "composer-plugin-api": "^1.1.0 || ^2.0.0",
                "ergebnis/json-normalizer": "~0.13.1",
                "ergebnis/json-printer": "^3.1.1",
                "justinrainbow/json-schema": "^5.2.10",
                "localheinz/diff": "^1.1.1",
                "php": "^7.2 || ^8.0"
            },
            "require-dev": {
                "composer/composer": "^1.10.15 || ^2.0.0",
                "composer/package-versions-deprecated": "^1.11.99",
                "ergebnis/license": "^1.1.0",
                "ergebnis/php-cs-fixer-config": "^2.3.0",
                "ergebnis/phpstan-rules": "~0.15.2",
                "ergebnis/test-util": "^1.3.0",
                "jangregor/phpstan-prophecy": "~0.8.0",
                "phpstan/extension-installer": "^1.0.5",
                "phpstan/phpstan": "~0.12.50",
                "phpstan/phpstan-deprecation-rules": "~0.12.5",
                "phpstan/phpstan-phpunit": "~0.12.16",
                "phpstan/phpstan-strict-rules": "~0.12.5",
                "phpunit/phpunit": "^8.5.8",
                "psalm/plugin-phpunit": "~0.12.2",
                "symfony/filesystem": "^5.1.7",
                "vimeo/psalm": "^3.18.2"
            },
            "type": "composer-plugin",
            "extra": {
                "class": "Ergebnis\\Composer\\Normalize\\NormalizePlugin"
            },
            "autoload": {
                "psr-4": {
                    "Ergebnis\\Composer\\Normalize\\": "src/"
                }
            },
            "notification-url": "https://packagist.org/downloads/",
            "license": [
                "MIT"
            ],
            "authors": [
                {
                    "name": "Andreas Möller",
                    "email": "am@localheinz.com"
                }
            ],
            "description": "Provides a composer plugin for normalizing composer.json.",
            "homepage": "https://github.com/ergebnis/composer-normalize",
            "keywords": [
                "composer",
                "normalize",
                "normalizer",
                "plugin"
            ],
            "funding": [
                {
                    "url": "https://github.com/localheinz",
                    "type": "github"
                }
            ],
            "time": "2020-10-21T08:45:29+00:00"
        },
        {
            "name": "ergebnis/json-normalizer",
            "version": "0.13.1",
            "source": {
                "type": "git",
                "url": "https://github.com/ergebnis/json-normalizer.git",
                "reference": "82897f7a0b6a896462a08ac02bee33ccf4ece0bb"
            },
            "dist": {
                "type": "zip",
                "url": "https://api.github.com/repos/ergebnis/json-normalizer/zipball/82897f7a0b6a896462a08ac02bee33ccf4ece0bb",
                "reference": "82897f7a0b6a896462a08ac02bee33ccf4ece0bb",
                "shasum": ""
            },
            "require": {
                "ergebnis/json-printer": "^3.1.0",
                "ext-json": "*",
                "justinrainbow/json-schema": "^5.2.10",
                "php": "^7.2 || ^8.0"
            },
            "require-dev": {
                "ergebnis/license": "^1.0.0",
                "ergebnis/php-cs-fixer-config": "^2.2.1",
                "ergebnis/phpstan-rules": "~0.15.2",
                "ergebnis/test-util": "^1.1.0",
                "infection/infection": "~0.15.3",
                "jangregor/phpstan-prophecy": "~0.8.0",
                "phpstan/extension-installer": "^1.0.4",
                "phpstan/phpstan": "~0.12.40",
                "phpstan/phpstan-deprecation-rules": "~0.12.5",
                "phpstan/phpstan-phpunit": "~0.12.16",
                "phpstan/phpstan-strict-rules": "~0.12.4",
                "phpunit/phpunit": "^8.5.8",
                "psalm/plugin-phpunit": "~0.11.0",
                "vimeo/psalm": "^3.14.2"
            },
            "type": "library",
            "autoload": {
                "psr-4": {
                    "Ergebnis\\Json\\Normalizer\\": "src/"
                }
            },
            "notification-url": "https://packagist.org/downloads/",
            "license": [
                "MIT"
            ],
            "authors": [
                {
                    "name": "Andreas Möller",
                    "email": "am@localheinz.com"
                }
            ],
            "description": "Provides generic and vendor-specific normalizers for normalizing JSON documents.",
            "homepage": "https://github.com/ergebnis/json-normalizer",
            "keywords": [
                "json",
                "normalizer"
            ],
            "funding": [
                {
                    "url": "https://github.com/localheinz",
                    "type": "github"
                }
            ],
            "time": "2020-08-30T12:00:06+00:00"
        },
        {
            "name": "ergebnis/json-printer",
            "version": "3.1.1",
            "source": {
                "type": "git",
                "url": "https://github.com/ergebnis/json-printer.git",
                "reference": "e4190dadd9937a77d8afcaf2b6c42a528ab367d6"
            },
            "dist": {
                "type": "zip",
                "url": "https://api.github.com/repos/ergebnis/json-printer/zipball/e4190dadd9937a77d8afcaf2b6c42a528ab367d6",
                "reference": "e4190dadd9937a77d8afcaf2b6c42a528ab367d6",
                "shasum": ""
            },
            "require": {
                "ext-json": "*",
                "ext-mbstring": "*",
                "php": "^7.2 || ^8.0"
            },
            "require-dev": {
                "ergebnis/license": "^1.0.0",
                "ergebnis/php-cs-fixer-config": "^2.2.1",
                "ergebnis/phpstan-rules": "~0.15.2",
                "ergebnis/test-util": "^1.1.0",
                "infection/infection": "~0.15.3",
                "phpstan/extension-installer": "^1.0.4",
                "phpstan/phpstan": "~0.12.40",
                "phpstan/phpstan-deprecation-rules": "~0.12.5",
                "phpstan/phpstan-phpunit": "~0.12.16",
                "phpstan/phpstan-strict-rules": "~0.12.4",
                "phpunit/phpunit": "^8.5.8",
                "psalm/plugin-phpunit": "~0.11.0",
                "vimeo/psalm": "^3.14.2"
            },
            "type": "library",
            "autoload": {
                "psr-4": {
                    "Ergebnis\\Json\\Printer\\": "src/"
                }
            },
            "notification-url": "https://packagist.org/downloads/",
            "license": [
                "MIT"
            ],
            "authors": [
                {
                    "name": "Andreas Möller",
                    "email": "am@localheinz.com"
                }
            ],
            "description": "Provides a JSON printer, allowing for flexible indentation.",
            "homepage": "https://github.com/ergebnis/json-printer",
            "keywords": [
                "formatter",
                "json",
                "printer"
            ],
            "funding": [
                {
                    "url": "https://github.com/localheinz",
                    "type": "github"
                }
            ],
            "time": "2020-08-30T12:17:03+00:00"
        },
        {
            "name": "justinrainbow/json-schema",
            "version": "5.2.10",
            "source": {
                "type": "git",
                "url": "https://github.com/justinrainbow/json-schema.git",
                "reference": "2ba9c8c862ecd5510ed16c6340aa9f6eadb4f31b"
            },
            "dist": {
                "type": "zip",
                "url": "https://api.github.com/repos/justinrainbow/json-schema/zipball/2ba9c8c862ecd5510ed16c6340aa9f6eadb4f31b",
                "reference": "2ba9c8c862ecd5510ed16c6340aa9f6eadb4f31b",
                "shasum": ""
            },
            "require": {
                "php": ">=5.3.3"
            },
            "require-dev": {
                "friendsofphp/php-cs-fixer": "~2.2.20||~2.15.1",
                "json-schema/json-schema-test-suite": "1.2.0",
                "phpunit/phpunit": "^4.8.35"
            },
            "bin": [
                "bin/validate-json"
            ],
            "type": "library",
            "extra": {
                "branch-alias": {
                    "dev-master": "5.0.x-dev"
                }
            },
            "autoload": {
                "psr-4": {
                    "JsonSchema\\": "src/JsonSchema/"
                }
            },
            "notification-url": "https://packagist.org/downloads/",
            "license": [
                "MIT"
            ],
            "authors": [
                {
                    "name": "Bruno Prieto Reis",
                    "email": "bruno.p.reis@gmail.com"
                },
                {
                    "name": "Justin Rainbow",
                    "email": "justin.rainbow@gmail.com"
                },
                {
                    "name": "Igor Wiedler",
                    "email": "igor@wiedler.ch"
                },
                {
                    "name": "Robert Schönthal",
                    "email": "seroscho@googlemail.com"
                }
            ],
            "description": "A library to validate a json schema.",
            "homepage": "https://github.com/justinrainbow/json-schema",
            "keywords": [
                "json",
                "schema"
            ],
            "time": "2020-05-27T16:41:55+00:00"
        },
        {
            "name": "localheinz/diff",
            "version": "1.1.1",
            "source": {
                "type": "git",
                "url": "https://github.com/localheinz/diff.git",
                "reference": "851bb20ea8358c86f677f5f111c4ab031b1c764c"
            },
            "dist": {
                "type": "zip",
                "url": "https://api.github.com/repos/localheinz/diff/zipball/851bb20ea8358c86f677f5f111c4ab031b1c764c",
                "reference": "851bb20ea8358c86f677f5f111c4ab031b1c764c",
                "shasum": ""
            },
            "require": {
                "php": "^7.1 || ^8.0"
            },
            "require-dev": {
                "phpunit/phpunit": "^7.5 || ^8.0",
                "symfony/process": "^4.2 || ^5"
            },
            "type": "library",
            "autoload": {
                "classmap": [
                    "src/"
                ]
            },
            "notification-url": "https://packagist.org/downloads/",
            "license": [
                "BSD-3-Clause"
            ],
            "authors": [
                {
                    "name": "Sebastian Bergmann",
                    "email": "sebastian@phpunit.de"
                },
                {
                    "name": "Kore Nordmann",
                    "email": "mail@kore-nordmann.de"
                }
            ],
            "description": "Fork of sebastian/diff for use with ergebnis/composer-normalize",
            "homepage": "https://github.com/localheinz/diff",
            "keywords": [
                "diff",
                "udiff",
                "unidiff",
                "unified diff"
            ],
            "funding": [
                {
                    "url": "https://github.com/sebastianbergmann",
                    "type": "github"
                }
            ],
            "time": "2020-07-06T04:49:32+00:00"
        },
        {
            "name": "nyholm/noop",
            "version": "1.0.0",
            "source": {
                "type": "git",
                "url": "https://github.com/Nyholm/noop.git",
                "reference": "7ee4a0c7d296963ea768fb88703c5d701be2c3c8"
            },
            "dist": {
                "type": "zip",
                "url": "https://api.github.com/repos/Nyholm/noop/zipball/7ee4a0c7d296963ea768fb88703c5d701be2c3c8",
                "reference": "7ee4a0c7d296963ea768fb88703c5d701be2c3c8",
                "shasum": ""
            },
            "type": "library",
            "autoload": {
                "psr-4": {
                    "Nyholm\\Noop\\": "src/"
                }
            },
            "notification-url": "https://packagist.org/downloads/",
            "license": [
                "MIT"
            ],
            "authors": [
                {
                    "name": "Nyholm",
                    "email": "tobias.nyholm@gmail.com"
                }
            ],
            "description": "A package that does nothing.",
            "time": "2019-09-23T14:19:28+00:00"
        }
    ],
    "aliases": [],
    "minimum-stability": "stable",
    "stability-flags": [],
    "prefer-stable": false,
    "prefer-lowest": false,
    "platform": {
        "php": "^5.6 || ^7.0"
    },
    "platform-dev": [],
    "plugin-api-version": "1.1.0"
}
